// !$*UTF8*$!
{
	archiveVersion = 1;
	classes = {
	};
	objectVersion = 50;
	objects = {

/* Begin PBXBuildFile section */
		44DDC15C2B65D5FA9ACDDDBA /* Pods_MusicRoom.framework in Frameworks */ = {isa = PBXBuildFile; fileRef = D51DCE12F8FB175C830AD515 /* Pods_MusicRoom.framework */; };
		8F364B83217E5B9100B57FC8 /* AppDelegate.swift in Sources */ = {isa = PBXBuildFile; fileRef = 8F364B82217E5B9100B57FC8 /* AppDelegate.swift */; };
		8F364B85217E5B9100B57FC8 /* ViewController.swift in Sources */ = {isa = PBXBuildFile; fileRef = 8F364B84217E5B9100B57FC8 /* ViewController.swift */; };
		8F364B88217E5B9100B57FC8 /* Main.storyboard in Resources */ = {isa = PBXBuildFile; fileRef = 8F364B86217E5B9100B57FC8 /* Main.storyboard */; };
		8F364B8B217E5B9100B57FC8 /* MusicRoom.xcdatamodeld in Sources */ = {isa = PBXBuildFile; fileRef = 8F364B89217E5B9100B57FC8 /* MusicRoom.xcdatamodeld */; };
		8F364B8D217E5B9200B57FC8 /* Assets.xcassets in Resources */ = {isa = PBXBuildFile; fileRef = 8F364B8C217E5B9200B57FC8 /* Assets.xcassets */; };
		8F364B90217E5B9200B57FC8 /* LaunchScreen.storyboard in Resources */ = {isa = PBXBuildFile; fileRef = 8F364B8E217E5B9200B57FC8 /* LaunchScreen.storyboard */; };
/* End PBXBuildFile section */

/* Begin PBXFileReference section */
		8F364B7F217E5B9100B57FC8 /* MusicRoom.app */ = {isa = PBXFileReference; explicitFileType = wrapper.application; includeInIndex = 0; path = MusicRoom.app; sourceTree = BUILT_PRODUCTS_DIR; };
		8F364B82217E5B9100B57FC8 /* AppDelegate.swift */ = {isa = PBXFileReference; lastKnownFileType = sourcecode.swift; path = AppDelegate.swift; sourceTree = "<group>"; };
		8F364B84217E5B9100B57FC8 /* ViewController.swift */ = {isa = PBXFileReference; lastKnownFileType = sourcecode.swift; path = ViewController.swift; sourceTree = "<group>"; };
		8F364B87217E5B9100B57FC8 /* Base */ = {isa = PBXFileReference; lastKnownFileType = file.storyboard; name = Base; path = Base.lproj/Main.storyboard; sourceTree = "<group>"; };
		8F364B8A217E5B9100B57FC8 /* MusicRoom.xcdatamodel */ = {isa = PBXFileReference; lastKnownFileType = wrapper.xcdatamodel; path = MusicRoom.xcdatamodel; sourceTree = "<group>"; };
		8F364B8C217E5B9200B57FC8 /* Assets.xcassets */ = {isa = PBXFileReference; lastKnownFileType = folder.assetcatalog; path = Assets.xcassets; sourceTree = "<group>"; };
		8F364B8F217E5B9200B57FC8 /* Base */ = {isa = PBXFileReference; lastKnownFileType = file.storyboard; name = Base; path = Base.lproj/LaunchScreen.storyboard; sourceTree = "<group>"; };
		8F364B91217E5B9200B57FC8 /* Info.plist */ = {isa = PBXFileReference; lastKnownFileType = text.plist.xml; path = Info.plist; sourceTree = "<group>"; };
		A8CDC1A465B679D47E207D9A /* Pods-MusicRoom.release.xcconfig */ = {isa = PBXFileReference; includeInIndex = 1; lastKnownFileType = text.xcconfig; name = "Pods-MusicRoom.release.xcconfig"; path = "Pods/Target Support Files/Pods-MusicRoom/Pods-MusicRoom.release.xcconfig"; sourceTree = "<group>"; };
		D1916F2EAA33E337ADF4970D /* Pods-MusicRoom.debug.xcconfig */ = {isa = PBXFileReference; includeInIndex = 1; lastKnownFileType = text.xcconfig; name = "Pods-MusicRoom.debug.xcconfig"; path = "Pods/Target Support Files/Pods-MusicRoom/Pods-MusicRoom.debug.xcconfig"; sourceTree = "<group>"; };
		D51DCE12F8FB175C830AD515 /* Pods_MusicRoom.framework */ = {isa = PBXFileReference; explicitFileType = wrapper.framework; includeInIndex = 0; path = Pods_MusicRoom.framework; sourceTree = BUILT_PRODUCTS_DIR; };
/* End PBXFileReference section */

/* Begin PBXFrameworksBuildPhase section */
		8F364B7C217E5B9100B57FC8 /* Frameworks */ = {
			isa = PBXFrameworksBuildPhase;
			buildActionMask = 2147483647;
			files = (
				44DDC15C2B65D5FA9ACDDDBA /* Pods_MusicRoom.framework in Frameworks */,
			);
			runOnlyForDeploymentPostprocessing = 0;
		};
/* End PBXFrameworksBuildPhase section */

/* Begin PBXGroup section */
		1862AF345A10C88729006599 /* Frameworks */ = {
			isa = PBXGroup;
			children = (
				D51DCE12F8FB175C830AD515 /* Pods_MusicRoom.framework */,
			);
			name = Frameworks;
			sourceTree = "<group>";
		};
		8F364B76217E5B9100B57FC8 = {
			isa = PBXGroup;
			children = (
				8F364B81217E5B9100B57FC8 /* MusicRoom */,
				8F364B80217E5B9100B57FC8 /* Products */,
				F12E4C824B6042C313688697 /* Pods */,
				1862AF345A10C88729006599 /* Frameworks */,
			);
			sourceTree = "<group>";
		};
		8F364B80217E5B9100B57FC8 /* Products */ = {
			isa = PBXGroup;
			children = (
				8F364B7F217E5B9100B57FC8 /* MusicRoom.app */,
			);
			name = Products;
			sourceTree = "<group>";
		};
		8F364B81217E5B9100B57FC8 /* MusicRoom */ = {
			isa = PBXGroup;
			children = (
				8F364B82217E5B9100B57FC8 /* AppDelegate.swift */,
				8F364B84217E5B9100B57FC8 /* ViewController.swift */,
				8F364B86217E5B9100B57FC8 /* Main.storyboard */,
				8F364B8C217E5B9200B57FC8 /* Assets.xcassets */,
				8F364B8E217E5B9200B57FC8 /* LaunchScreen.storyboard */,
				8F364B91217E5B9200B57FC8 /* Info.plist */,
				8F364B89217E5B9100B57FC8 /* MusicRoom.xcdatamodeld */,
			);
			path = MusicRoom;
			sourceTree = "<group>";
		};
		F12E4C824B6042C313688697 /* Pods */ = {
			isa = PBXGroup;
			children = (
				D1916F2EAA33E337ADF4970D /* Pods-MusicRoom.debug.xcconfig */,
				A8CDC1A465B679D47E207D9A /* Pods-MusicRoom.release.xcconfig */,
			);
			name = Pods;
			sourceTree = "<group>";
		};
/* End PBXGroup section */

/* Begin PBXNativeTarget section */
		8F364B7E217E5B9100B57FC8 /* MusicRoom */ = {
			isa = PBXNativeTarget;
			buildConfigurationList = 8F364B94217E5B9200B57FC8 /* Build configuration list for PBXNativeTarget "MusicRoom" */;
			buildPhases = (
				5D362D897625AC16A361D48A /* [CP] Check Pods Manifest.lock */,
				8F364B7B217E5B9100B57FC8 /* Sources */,
				8F364B7C217E5B9100B57FC8 /* Frameworks */,
				8F364B7D217E5B9100B57FC8 /* Resources */,
				3E1CFFCC700128C045A922E9 /* [CP] Copy Pods Resources */,
			);
			buildRules = (
			);
			dependencies = (
			);
			name = MusicRoom;
			productName = MusicRoom;
			productReference = 8F364B7F217E5B9100B57FC8 /* MusicRoom.app */;
			productType = "com.apple.product-type.application";
		};
/* End PBXNativeTarget section */

/* Begin PBXProject section */
		8F364B77217E5B9100B57FC8 /* Project object */ = {
			isa = PBXProject;
			attributes = {
				LastSwiftUpdateCheck = 1000;
				LastUpgradeCheck = 1000;
				ORGANIZATIONNAME = "Etienne Tranchier";
				TargetAttributes = {
					8F364B7E217E5B9100B57FC8 = {
						CreatedOnToolsVersion = 10.0;
					};
				};
			};
			buildConfigurationList = 8F364B7A217E5B9100B57FC8 /* Build configuration list for PBXProject "MusicRoom" */;
			compatibilityVersion = "Xcode 9.3";
			developmentRegion = en;
			hasScannedForEncodings = 0;
			knownRegions = (
				en,
				Base,
			);
			mainGroup = 8F364B76217E5B9100B57FC8;
			productRefGroup = 8F364B80217E5B9100B57FC8 /* Products */;
			projectDirPath = "";
			projectRoot = "";
			targets = (
				8F364B7E217E5B9100B57FC8 /* MusicRoom */,
			);
		};
/* End PBXProject section */

/* Begin PBXResourcesBuildPhase section */
		8F364B7D217E5B9100B57FC8 /* Resources */ = {
			isa = PBXResourcesBuildPhase;
			buildActionMask = 2147483647;
			files = (
				8F364B90217E5B9200B57FC8 /* LaunchScreen.storyboard in Resources */,
				8F364B8D217E5B9200B57FC8 /* Assets.xcassets in Resources */,
				8F364B88217E5B9100B57FC8 /* Main.storyboard in Resources */,
			);
			runOnlyForDeploymentPostprocessing = 0;
		};
/* End PBXResourcesBuildPhase section */

/* Begin PBXShellScriptBuildPhase section */
		3E1CFFCC700128C045A922E9 /* [CP] Copy Pods Resources */ = {
			isa = PBXShellScriptBuildPhase;
			buildActionMask = 2147483647;
			files = (
			);
			inputPaths = (
				"${SRCROOT}/Pods/Target Support Files/Pods-MusicRoom/Pods-MusicRoom-resources.sh",
				"${PODS_ROOT}/Deezer/deezer-ios-sdk-0.8.2/deezer-ios-0.8.2/Resources/DeezerLibClose.png",
				"${PODS_ROOT}/Deezer/deezer-ios-sdk-0.8.2/deezer-ios-0.8.2/Resources/DeezerLibClose@2x.png",
			);
			name = "[CP] Copy Pods Resources";
			outputPaths = (
				"${TARGET_BUILD_DIR}/${UNLOCALIZED_RESOURCES_FOLDER_PATH}/DeezerLibClose.png",
				"${TARGET_BUILD_DIR}/${UNLOCALIZED_RESOURCES_FOLDER_PATH}/DeezerLibClose@2x.png",
			);
			runOnlyForDeploymentPostprocessing = 0;
			shellPath = /bin/sh;
			shellScript = "\"${SRCROOT}/Pods/Target Support Files/Pods-MusicRoom/Pods-MusicRoom-resources.sh\"\n";
			showEnvVarsInLog = 0;
		};
		5D362D897625AC16A361D48A /* [CP] Check Pods Manifest.lock */ = {
			isa = PBXShellScriptBuildPhase;
			buildActionMask = 2147483647;
			files = (
			);
			inputPaths = (
				"${PODS_PODFILE_DIR_PATH}/Podfile.lock",
				"${PODS_ROOT}/Manifest.lock",
			);
			name = "[CP] Check Pods Manifest.lock";
			outputPaths = (
				"$(DERIVED_FILE_DIR)/Pods-MusicRoom-checkManifestLockResult.txt",
			);
			runOnlyForDeploymentPostprocessing = 0;
			shellPath = /bin/sh;
			shellScript = "diff \"${PODS_PODFILE_DIR_PATH}/Podfile.lock\" \"${PODS_ROOT}/Manifest.lock\" > /dev/null\nif [ $? != 0 ] ; then\n    # print error to STDERR\n    echo \"error: The sandbox is not in sync with the Podfile.lock. Run 'pod install' or update your CocoaPods installation.\" >&2\n    exit 1\nfi\n# This output is used by Xcode 'outputs' to avoid re-running this script phase.\necho \"SUCCESS\" > \"${SCRIPT_OUTPUT_FILE_0}\"\n";
			showEnvVarsInLog = 0;
		};
/* End PBXShellScriptBuildPhase section */

/* Begin PBXSourcesBuildPhase section */
		8F364B7B217E5B9100B57FC8 /* Sources */ = {
			isa = PBXSourcesBuildPhase;
			buildActionMask = 2147483647;
			files = (
				8F364B85217E5B9100B57FC8 /* ViewController.swift in Sources */,
				8F364B83217E5B9100B57FC8 /* AppDelegate.swift in Sources */,
				8F364B8B217E5B9100B57FC8 /* MusicRoom.xcdatamodeld in Sources */,
			);
			runOnlyForDeploymentPostprocessing = 0;
		};
/* End PBXSourcesBuildPhase section */

/* Begin PBXVariantGroup section */
		8F364B86217E5B9100B57FC8 /* Main.storyboard */ = {
			isa = PBXVariantGroup;
			children = (
				8F364B87217E5B9100B57FC8 /* Base */,
			);
			name = Main.storyboard;
			sourceTree = "<group>";
		};
		8F364B8E217E5B9200B57FC8 /* LaunchScreen.storyboard */ = {
			isa = PBXVariantGroup;
			children = (
				8F364B8F217E5B9200B57FC8 /* Base */,
			);
			name = LaunchScreen.storyboard;
			sourceTree = "<group>";
		};
/* End PBXVariantGroup section */

/* Begin XCBuildConfiguration section */
		8F364B92217E5B9200B57FC8 /* Debug */ = {
			isa = XCBuildConfiguration;
			buildSettings = {
				ALWAYS_SEARCH_USER_PATHS = NO;
				CLANG_ANALYZER_NONNULL = YES;
				CLANG_ANALYZER_NUMBER_OBJECT_CONVERSION = YES_AGGRESSIVE;
				CLANG_CXX_LANGUAGE_STANDARD = "gnu++14";
				CLANG_CXX_LIBRARY = "libc++";
				CLANG_ENABLE_MODULES = YES;
				CLANG_ENABLE_OBJC_ARC = YES;
				CLANG_ENABLE_OBJC_WEAK = YES;
				CLANG_WARN_BLOCK_CAPTURE_AUTORELEASING = YES;
				CLANG_WARN_BOOL_CONVERSION = YES;
				CLANG_WARN_COMMA = YES;
				CLANG_WARN_CONSTANT_CONVERSION = YES;
				CLANG_WARN_DEPRECATED_OBJC_IMPLEMENTATIONS = YES;
				CLANG_WARN_DIRECT_OBJC_ISA_USAGE = YES_ERROR;
				CLANG_WARN_DOCUMENTATION_COMMENTS = YES;
				CLANG_WARN_EMPTY_BODY = YES;
				CLANG_WARN_ENUM_CONVERSION = YES;
				CLANG_WARN_INFINITE_RECURSION = YES;
				CLANG_WARN_INT_CONVERSION = YES;
				CLANG_WARN_NON_LITERAL_NULL_CONVERSION = YES;
				CLANG_WARN_OBJC_IMPLICIT_RETAIN_SELF = YES;
				CLANG_WARN_OBJC_LITERAL_CONVERSION = YES;
				CLANG_WARN_OBJC_ROOT_CLASS = YES_ERROR;
				CLANG_WARN_RANGE_LOOP_ANALYSIS = YES;
				CLANG_WARN_STRICT_PROTOTYPES = YES;
				CLANG_WARN_SUSPICIOUS_MOVE = YES;
				CLANG_WARN_UNGUARDED_AVAILABILITY = YES_AGGRESSIVE;
				CLANG_WARN_UNREACHABLE_CODE = YES;
				CLANG_WARN__DUPLICATE_METHOD_MATCH = YES;
				CODE_SIGN_IDENTITY = "iPhone Developer";
				COPY_PHASE_STRIP = NO;
				DEBUG_INFORMATION_FORMAT = dwarf;
				ENABLE_STRICT_OBJC_MSGSEND = YES;
				ENABLE_TESTABILITY = YES;
				GCC_C_LANGUAGE_STANDARD = gnu11;
				GCC_DYNAMIC_NO_PIC = NO;
				GCC_NO_COMMON_BLOCKS = YES;
				GCC_OPTIMIZATION_LEVEL = 0;
				GCC_PREPROCESSOR_DEFINITIONS = (
					"DEBUG=1",
					"$(inherited)",
				);
				GCC_WARN_64_TO_32_BIT_CONVERSION = YES;
				GCC_WARN_ABOUT_RETURN_TYPE = YES_ERROR;
				GCC_WARN_UNDECLARED_SELECTOR = YES;
				GCC_WARN_UNINITIALIZED_AUTOS = YES_AGGRESSIVE;
				GCC_WARN_UNUSED_FUNCTION = YES;
				GCC_WARN_UNUSED_VARIABLE = YES;
				IPHONEOS_DEPLOYMENT_TARGET = 12.0;
				MTL_ENABLE_DEBUG_INFO = INCLUDE_SOURCE;
				MTL_FAST_MATH = YES;
				ONLY_ACTIVE_ARCH = YES;
				SDKROOT = iphoneos;
				SWIFT_ACTIVE_COMPILATION_CONDITIONS = DEBUG;
				SWIFT_OPTIMIZATION_LEVEL = "-Onone";
			};
			name = Debug;
		};
		8F364B93217E5B9200B57FC8 /* Release */ = {
			isa = XCBuildConfiguration;
			buildSettings = {
				ALWAYS_SEARCH_USER_PATHS = NO;
				CLANG_ANALYZER_NONNULL = YES;
				CLANG_ANALYZER_NUMBER_OBJECT_CONVERSION = YES_AGGRESSIVE;
				CLANG_CXX_LANGUAGE_STANDARD = "gnu++14";
				CLANG_CXX_LIBRARY = "libc++";
				CLANG_ENABLE_MODULES = YES;
				CLANG_ENABLE_OBJC_ARC = YES;
				CLANG_ENABLE_OBJC_WEAK = YES;
				CLANG_WARN_BLOCK_CAPTURE_AUTORELEASING = YES;
				CLANG_WARN_BOOL_CONVERSION = YES;
				CLANG_WARN_COMMA = YES;
				CLANG_WARN_CONSTANT_CONVERSION = YES;
				CLANG_WARN_DEPRECATED_OBJC_IMPLEMENTATIONS = YES;
				CLANG_WARN_DIRECT_OBJC_ISA_USAGE = YES_ERROR;
				CLANG_WARN_DOCUMENTATION_COMMENTS = YES;
				CLANG_WARN_EMPTY_BODY = YES;
				CLANG_WARN_ENUM_CONVERSION = YES;
				CLANG_WARN_INFINITE_RECURSION = YES;
				CLANG_WARN_INT_CONVERSION = YES;
				CLANG_WARN_NON_LITERAL_NULL_CONVERSION = YES;
				CLANG_WARN_OBJC_IMPLICIT_RETAIN_SELF = YES;
				CLANG_WARN_OBJC_LITERAL_CONVERSION = YES;
				CLANG_WARN_OBJC_ROOT_CLASS = YES_ERROR;
				CLANG_WARN_RANGE_LOOP_ANALYSIS = YES;
				CLANG_WARN_STRICT_PROTOTYPES = YES;
				CLANG_WARN_SUSPICIOUS_MOVE = YES;
				CLANG_WARN_UNGUARDED_AVAILABILITY = YES_AGGRESSIVE;
				CLANG_WARN_UNREACHABLE_CODE = YES;
				CLANG_WARN__DUPLICATE_METHOD_MATCH = YES;
				CODE_SIGN_IDENTITY = "iPhone Developer";
				COPY_PHASE_STRIP = NO;
				DEBUG_INFORMATION_FORMAT = "dwarf-with-dsym";
				ENABLE_NS_ASSERTIONS = NO;
				ENABLE_STRICT_OBJC_MSGSEND = YES;
				GCC_C_LANGUAGE_STANDARD = gnu11;
				GCC_NO_COMMON_BLOCKS = YES;
				GCC_WARN_64_TO_32_BIT_CONVERSION = YES;
				GCC_WARN_ABOUT_RETURN_TYPE = YES_ERROR;
				GCC_WARN_UNDECLARED_SELECTOR = YES;
				GCC_WARN_UNINITIALIZED_AUTOS = YES_AGGRESSIVE;
				GCC_WARN_UNUSED_FUNCTION = YES;
				GCC_WARN_UNUSED_VARIABLE = YES;
				IPHONEOS_DEPLOYMENT_TARGET = 12.0;
				MTL_ENABLE_DEBUG_INFO = NO;
				MTL_FAST_MATH = YES;
				SDKROOT = iphoneos;
				SWIFT_COMPILATION_MODE = wholemodule;
				SWIFT_OPTIMIZATION_LEVEL = "-O";
				VALIDATE_PRODUCT = YES;
			};
			name = Release;
		};
		8F364B95217E5B9200B57FC8 /* Debug */ = {
			isa = XCBuildConfiguration;
			baseConfigurationReference = D1916F2EAA33E337ADF4970D /* Pods-MusicRoom.debug.xcconfig */;
			buildSettings = {
				ASSETCATALOG_COMPILER_APPICON_NAME = AppIcon;
				CODE_SIGN_STYLE = Automatic;
				INFOPLIST_FILE = MusicRoom/Info.plist;
				LD_RUNPATH_SEARCH_PATHS = (
					"$(inherited)",
					"@executable_path/Frameworks",
				);
				PRODUCT_BUNDLE_IDENTIFIER = etranchi.MusicRoom;
				PRODUCT_NAME = "$(TARGET_NAME)";
				SWIFT_VERSION = 4.2;
				TARGETED_DEVICE_FAMILY = "1,2";
			};
			name = Debug;
		};
		8F364B96217E5B9200B57FC8 /* Release */ = {
			isa = XCBuildConfiguration;
			baseConfigurationReference = A8CDC1A465B679D47E207D9A /* Pods-MusicRoom.release.xcconfig */;
			buildSettings = {
				ASSETCATALOG_COMPILER_APPICON_NAME = AppIcon;
				CODE_SIGN_STYLE = Automatic;
				INFOPLIST_FILE = MusicRoom/Info.plist;
				LD_RUNPATH_SEARCH_PATHS = (
					"$(inherited)",
					"@executable_path/Frameworks",
				);
				PRODUCT_BUNDLE_IDENTIFIER = etranchi.MusicRoom;
				PRODUCT_NAME = "$(TARGET_NAME)";
				SWIFT_VERSION = 4.2;
				TARGETED_DEVICE_FAMILY = "1,2";
			};
			name = Release;
		};
/* End XCBuildConfiguration section */

/* Begin XCConfigurationList section */
		8F364B7A217E5B9100B57FC8 /* Build configuration list for PBXProject "MusicRoom" */ = {
			isa = XCConfigurationList;
			buildConfigurations = (
				8F364B92217E5B9200B57FC8 /* Debug */,
				8F364B93217E5B9200B57FC8 /* Release */,
			);
			defaultConfigurationIsVisible = 0;
			defaultConfigurationName = Release;
		};
		8F364B94217E5B9200B57FC8 /* Build configuration list for PBXNativeTarget "MusicRoom" */ = {
			isa = XCConfigurationList;
			buildConfigurations = (
				8F364B95217E5B9200B57FC8 /* Debug */,
				8F364B96217E5B9200B57FC8 /* Release */,
			);
			defaultConfigurationIsVisible = 0;
			defaultConfigurationName = Release;
		};
/* End XCConfigurationList section */

/* Begin XCVersionGroup section */
		8F364B89217E5B9100B57FC8 /* MusicRoom.xcdatamodeld */ = {
			isa = XCVersionGroup;
			children = (
				8F364B8A217E5B9100B57FC8 /* MusicRoom.xcdatamodel */,
			);
			currentVersion = 8F364B8A217E5B9100B57FC8 /* MusicRoom.xcdatamodel */;
			path = MusicRoom.xcdatamodeld;
			sourceTree = "<group>";
			versionGroupType = wrapper.xcdatamodel;
		};
/* End XCVersionGroup section */
	};
	rootObject = 8F364B77217E5B9100B57FC8 /* Project object */;
}
