// !$*UTF8*$!
{
	archiveVersion = 1;
	classes = {
	};
	objectVersion = 48;
	objects = {

/* Begin PBXBuildFile section */
		7743C23B2190587E002CC508 /* Playlist.swift in Sources */ = {isa = PBXBuildFile; fileRef = 7743C23A2190587E002CC508 /* Playlist.swift */; };
		778BF9A921832CB800448FE6 /* Track.swift in Sources */ = {isa = PBXBuildFile; fileRef = 778BF9A821832CB800448FE6 /* Track.swift */; };
		77B444762181CD0200B3F536 /* APIManager.swift in Sources */ = {isa = PBXBuildFile; fileRef = 77B444752181CD0200B3F536 /* APIManager.swift */; };
		7920E79A218F0BF9008D1DD1 /* CoverContainerView.swift in Sources */ = {isa = PBXBuildFile; fileRef = 7920E799218F0BF9008D1DD1 /* CoverContainerView.swift */; };
		7920E79C218F65CA008D1DD1 /* BackgroundCoverView.swift in Sources */ = {isa = PBXBuildFile; fileRef = 7920E79B218F65CA008D1DD1 /* BackgroundCoverView.swift */; };
		796ECB3A218DCAE400321B3B /* ProgressCircle.swift in Sources */ = {isa = PBXBuildFile; fileRef = 796ECB39218DCAE400321B3B /* ProgressCircle.swift */; };
		7991484221889F8D00120E2D /* Extensions.swift in Sources */ = {isa = PBXBuildFile; fileRef = 7991484121889F8D00120E2D /* Extensions.swift */; };
		799DA433218D19E900C803E3 /* PlayerController.swift in Sources */ = {isa = PBXBuildFile; fileRef = 799DA432218D19E900C803E3 /* PlayerController.swift */; };
		799DA435218D24AE00C803E3 /* Main.storyboard in Resources */ = {isa = PBXBuildFile; fileRef = 799DA434218D24AD00C803E3 /* Main.storyboard */; };
		799DA437218D289400C803E3 /* Artist.swift in Sources */ = {isa = PBXBuildFile; fileRef = 799DA436218D289400C803E3 /* Artist.swift */; };
		799DA439218D3D8500C803E3 /* ArtistCell.swift in Sources */ = {isa = PBXBuildFile; fileRef = 799DA438218D3D8500C803E3 /* ArtistCell.swift */; };
		799DA43B218D3E7F00C803E3 /* SongCell.swift in Sources */ = {isa = PBXBuildFile; fileRef = 799DA43A218D3E7F00C803E3 /* SongCell.swift */; };
		799DA43D218D3ED300C803E3 /* AlbumCell.swift in Sources */ = {isa = PBXBuildFile; fileRef = 799DA43C218D3ED300C803E3 /* AlbumCell.swift */; };
		79B15ECE218C69AA00B84BCB /* MusicCategory.swift in Sources */ = {isa = PBXBuildFile; fileRef = 79B15ECD218C69AA00B84BCB /* MusicCategory.swift */; };
		79B15ED0218C700C00B84BCB /* Album.swift in Sources */ = {isa = PBXBuildFile; fileRef = 79B15ECF218C700C00B84BCB /* Album.swift */; };
		79B4DE73218B4637001031D2 /* SearchCell.swift in Sources */ = {isa = PBXBuildFile; fileRef = 79B4DE72218B4637001031D2 /* SearchCell.swift */; };
		79CDCF1F218870F70095CC63 /* LoadingController.swift in Sources */ = {isa = PBXBuildFile; fileRef = 79CDCF1E218870F70095CC63 /* LoadingController.swift */; };
		79CDCF21218871A20095CC63 /* TabBarController.swift in Sources */ = {isa = PBXBuildFile; fileRef = 79CDCF20218871A20095CC63 /* TabBarController.swift */; };
		79CDCF23218873300095CC63 /* PlaylistController.swift in Sources */ = {isa = PBXBuildFile; fileRef = 79CDCF22218873300095CC63 /* PlaylistController.swift */; };
		79CDCF25218873D20095CC63 /* SearchController.swift in Sources */ = {isa = PBXBuildFile; fileRef = 79CDCF24218873D20095CC63 /* SearchController.swift */; };
		79CDCF27218874160095CC63 /* SettingsController.swift in Sources */ = {isa = PBXBuildFile; fileRef = 79CDCF26218874160095CC63 /* SettingsController.swift */; };
		79CDCF292188746D0095CC63 /* LibraryController.swift in Sources */ = {isa = PBXBuildFile; fileRef = 79CDCF282188746D0095CC63 /* LibraryController.swift */; };
		79CDCF2B218876ED0095CC63 /* CustomNavigationController.swift in Sources */ = {isa = PBXBuildFile; fileRef = 79CDCF2A218876ED0095CC63 /* CustomNavigationController.swift */; };
		79CDCF2E21888C690095CC63 /* CategoryCell.swift in Sources */ = {isa = PBXBuildFile; fileRef = 79CDCF2D21888C690095CC63 /* CategoryCell.swift */; };
		8F189888217F22EE00CE1A8D /* libDeezer.a in Frameworks */ = {isa = PBXBuildFile; fileRef = 8F189867217F22EE00CE1A8D /* libDeezer.a */; };
		8F189889217F22EE00CE1A8D /* DZRResources.bundle in Resources */ = {isa = PBXBuildFile; fileRef = 8F189887217F22EE00CE1A8D /* DZRResources.bundle */; };
		8F18988C217F230D00CE1A8D /* CoreAudio.framework in Frameworks */ = {isa = PBXBuildFile; fileRef = 8F18988B217F230D00CE1A8D /* CoreAudio.framework */; };
		8F18988E217F231800CE1A8D /* AudioToolbox.framework in Frameworks */ = {isa = PBXBuildFile; fileRef = 8F18988D217F231800CE1A8D /* AudioToolbox.framework */; };
		8F189890217F232100CE1A8D /* SystemConfiguration.framework in Frameworks */ = {isa = PBXBuildFile; fileRef = 8F18988F217F232100CE1A8D /* SystemConfiguration.framework */; };
		8F189892217F232C00CE1A8D /* libicucore.tbd in Frameworks */ = {isa = PBXBuildFile; fileRef = 8F189891217F232C00CE1A8D /* libicucore.tbd */; };
		8F189894217F233500CE1A8D /* MediaPlayer.framework in Frameworks */ = {isa = PBXBuildFile; fileRef = 8F189893217F233500CE1A8D /* MediaPlayer.framework */; };
		8F189899217F25DA00CE1A8D /* AVFoundation.framework in Frameworks */ = {isa = PBXBuildFile; fileRef = 8F189898217F25DA00CE1A8D /* AVFoundation.framework */; };
		8F18989C217F3B4D00CE1A8D /* DeezerManager.swift in Sources */ = {isa = PBXBuildFile; fileRef = 8F18989B217F3B4D00CE1A8D /* DeezerManager.swift */; };
		8F18989E217F523800CE1A8D /* SafariServices.framework in Frameworks */ = {isa = PBXBuildFile; fileRef = 8F18989D217F523800CE1A8D /* SafariServices.framework */; };
		8F364B83217E5B9100B57FC8 /* AppDelegate.swift in Sources */ = {isa = PBXBuildFile; fileRef = 8F364B82217E5B9100B57FC8 /* AppDelegate.swift */; };
		8F364B8B217E5B9100B57FC8 /* MusicRoom.xcdatamodeld in Sources */ = {isa = PBXBuildFile; fileRef = 8F364B89217E5B9100B57FC8 /* MusicRoom.xcdatamodeld */; };
		8F364B8D217E5B9200B57FC8 /* Assets.xcassets in Resources */ = {isa = PBXBuildFile; fileRef = 8F364B8C217E5B9200B57FC8 /* Assets.xcassets */; };
		8F364B90217E5B9200B57FC8 /* LaunchScreen.storyboard in Resources */ = {isa = PBXBuildFile; fileRef = 8F364B8E217E5B9200B57FC8 /* LaunchScreen.storyboard */; };
/* End PBXBuildFile section */

/* Begin PBXFileReference section */
		7743C23A2190587E002CC508 /* Playlist.swift */ = {isa = PBXFileReference; lastKnownFileType = sourcecode.swift; path = Playlist.swift; sourceTree = "<group>"; };
		778BF9A821832CB800448FE6 /* Track.swift */ = {isa = PBXFileReference; lastKnownFileType = sourcecode.swift; path = Track.swift; sourceTree = "<group>"; };
		77B444752181CD0200B3F536 /* APIManager.swift */ = {isa = PBXFileReference; lastKnownFileType = sourcecode.swift; path = APIManager.swift; sourceTree = "<group>"; };
		7920E799218F0BF9008D1DD1 /* CoverContainerView.swift */ = {isa = PBXFileReference; lastKnownFileType = sourcecode.swift; path = CoverContainerView.swift; sourceTree = "<group>"; };
		7920E79B218F65CA008D1DD1 /* BackgroundCoverView.swift */ = {isa = PBXFileReference; lastKnownFileType = sourcecode.swift; path = BackgroundCoverView.swift; sourceTree = "<group>"; };
		796ECB39218DCAE400321B3B /* ProgressCircle.swift */ = {isa = PBXFileReference; lastKnownFileType = sourcecode.swift; path = ProgressCircle.swift; sourceTree = "<group>"; };
		7991484121889F8D00120E2D /* Extensions.swift */ = {isa = PBXFileReference; lastKnownFileType = sourcecode.swift; path = Extensions.swift; sourceTree = "<group>"; };
		799DA432218D19E900C803E3 /* PlayerController.swift */ = {isa = PBXFileReference; lastKnownFileType = sourcecode.swift; path = PlayerController.swift; sourceTree = "<group>"; };
		799DA434218D24AD00C803E3 /* Main.storyboard */ = {isa = PBXFileReference; fileEncoding = 4; lastKnownFileType = file.storyboard; path = Main.storyboard; sourceTree = "<group>"; };
		799DA436218D289400C803E3 /* Artist.swift */ = {isa = PBXFileReference; lastKnownFileType = sourcecode.swift; path = Artist.swift; sourceTree = "<group>"; };
		799DA438218D3D8500C803E3 /* ArtistCell.swift */ = {isa = PBXFileReference; lastKnownFileType = sourcecode.swift; path = ArtistCell.swift; sourceTree = "<group>"; };
		799DA43A218D3E7F00C803E3 /* SongCell.swift */ = {isa = PBXFileReference; lastKnownFileType = sourcecode.swift; path = SongCell.swift; sourceTree = "<group>"; };
		799DA43C218D3ED300C803E3 /* AlbumCell.swift */ = {isa = PBXFileReference; lastKnownFileType = sourcecode.swift; path = AlbumCell.swift; sourceTree = "<group>"; };
		79B15ECD218C69AA00B84BCB /* MusicCategory.swift */ = {isa = PBXFileReference; lastKnownFileType = sourcecode.swift; path = MusicCategory.swift; sourceTree = "<group>"; };
		79B15ECF218C700C00B84BCB /* Album.swift */ = {isa = PBXFileReference; lastKnownFileType = sourcecode.swift; path = Album.swift; sourceTree = "<group>"; };
		79B4DE72218B4637001031D2 /* SearchCell.swift */ = {isa = PBXFileReference; lastKnownFileType = sourcecode.swift; path = SearchCell.swift; sourceTree = "<group>"; };
		79CDCF1E218870F70095CC63 /* LoadingController.swift */ = {isa = PBXFileReference; lastKnownFileType = sourcecode.swift; path = LoadingController.swift; sourceTree = "<group>"; };
		79CDCF20218871A20095CC63 /* TabBarController.swift */ = {isa = PBXFileReference; lastKnownFileType = sourcecode.swift; path = TabBarController.swift; sourceTree = "<group>"; };
		79CDCF22218873300095CC63 /* PlaylistController.swift */ = {isa = PBXFileReference; lastKnownFileType = sourcecode.swift; path = PlaylistController.swift; sourceTree = "<group>"; };
		79CDCF24218873D20095CC63 /* SearchController.swift */ = {isa = PBXFileReference; lastKnownFileType = sourcecode.swift; path = SearchController.swift; sourceTree = "<group>"; };
		79CDCF26218874160095CC63 /* SettingsController.swift */ = {isa = PBXFileReference; lastKnownFileType = sourcecode.swift; path = SettingsController.swift; sourceTree = "<group>"; };
		79CDCF282188746D0095CC63 /* LibraryController.swift */ = {isa = PBXFileReference; lastKnownFileType = sourcecode.swift; path = LibraryController.swift; sourceTree = "<group>"; };
		79CDCF2A218876ED0095CC63 /* CustomNavigationController.swift */ = {isa = PBXFileReference; lastKnownFileType = sourcecode.swift; path = CustomNavigationController.swift; sourceTree = "<group>"; };
		79CDCF2D21888C690095CC63 /* CategoryCell.swift */ = {isa = PBXFileReference; lastKnownFileType = sourcecode.swift; path = CategoryCell.swift; sourceTree = "<group>"; };
		8F189867217F22EE00CE1A8D /* libDeezer.a */ = {isa = PBXFileReference; lastKnownFileType = archive.ar; path = libDeezer.a; sourceTree = "<group>"; };
		8F189869217F22EE00CE1A8D /* DZRPlaylist.h */ = {isa = PBXFileReference; fileEncoding = 4; lastKnownFileType = sourcecode.c.h; path = DZRPlaylist.h; sourceTree = "<group>"; };
		8F18986A217F22EE00CE1A8D /* Deezer+Compatibility.h */ = {isa = PBXFileReference; fileEncoding = 4; lastKnownFileType = sourcecode.c.h; path = "Deezer+Compatibility.h"; sourceTree = "<group>"; };
		8F18986B217F22EE00CE1A8D /* DeezerConnect+Compatibility.h */ = {isa = PBXFileReference; fileEncoding = 4; lastKnownFileType = sourcecode.c.h; path = "DeezerConnect+Compatibility.h"; sourceTree = "<group>"; };
		8F18986C217F22EE00CE1A8D /* DeezerRequestDelegate.h */ = {isa = PBXFileReference; fileEncoding = 4; lastKnownFileType = sourcecode.c.h; path = DeezerRequestDelegate.h; sourceTree = "<group>"; };
		8F18986D217F22EE00CE1A8D /* DZRPodcast.h */ = {isa = PBXFileReference; fileEncoding = 4; lastKnownFileType = sourcecode.c.h; path = DZRPodcast.h; sourceTree = "<group>"; };
		8F18986E217F22EE00CE1A8D /* DZRArtist.h */ = {isa = PBXFileReference; fileEncoding = 4; lastKnownFileType = sourcecode.c.h; path = DZRArtist.h; sourceTree = "<group>"; };
		8F18986F217F22EE00CE1A8D /* DZREpisode.h */ = {isa = PBXFileReference; fileEncoding = 4; lastKnownFileType = sourcecode.c.h; path = DZREpisode.h; sourceTree = "<group>"; };
		8F189870217F22EE00CE1A8D /* DZRPlayer.h */ = {isa = PBXFileReference; fileEncoding = 4; lastKnownFileType = sourcecode.c.h; path = DZRPlayer.h; sourceTree = "<group>"; };
		8F189871217F22EE00CE1A8D /* NSBundle+DZRBundle.h */ = {isa = PBXFileReference; fileEncoding = 4; lastKnownFileType = sourcecode.c.h; path = "NSBundle+DZRBundle.h"; sourceTree = "<group>"; };
		8F189872217F22EE00CE1A8D /* DZRObject+Compatibility.h */ = {isa = PBXFileReference; fileEncoding = 4; lastKnownFileType = sourcecode.c.h; path = "DZRObject+Compatibility.h"; sourceTree = "<group>"; };
		8F189873217F22EE00CE1A8D /* DZRGenericCancelable.h */ = {isa = PBXFileReference; fileEncoding = 4; lastKnownFileType = sourcecode.c.h; path = DZRGenericCancelable.h; sourceTree = "<group>"; };
		8F189874217F22EE00CE1A8D /* DZRModel.h */ = {isa = PBXFileReference; fileEncoding = 4; lastKnownFileType = sourcecode.c.h; path = DZRModel.h; sourceTree = "<group>"; };
		8F189875217F22EE00CE1A8D /* DZRCancelable.h */ = {isa = PBXFileReference; fileEncoding = 4; lastKnownFileType = sourcecode.c.h; path = DZRCancelable.h; sourceTree = "<group>"; };
		8F189876217F22EE00CE1A8D /* DZRObject.h */ = {isa = PBXFileReference; fileEncoding = 4; lastKnownFileType = sourcecode.c.h; path = DZRObject.h; sourceTree = "<group>"; };
		8F189877217F22EE00CE1A8D /* DZRNetworkRequest.h */ = {isa = PBXFileReference; fileEncoding = 4; lastKnownFileType = sourcecode.c.h; path = DZRNetworkRequest.h; sourceTree = "<group>"; };
		8F189878217F22EE00CE1A8D /* DZRManagedRadio.h */ = {isa = PBXFileReference; fileEncoding = 4; lastKnownFileType = sourcecode.c.h; path = DZRManagedRadio.h; sourceTree = "<group>"; };
		8F189879217F22EE00CE1A8D /* NSError+DZRPlayer.h */ = {isa = PBXFileReference; fileEncoding = 4; lastKnownFileType = sourcecode.c.h; path = "NSError+DZRPlayer.h"; sourceTree = "<group>"; };
		8F18987A217F22EE00CE1A8D /* DZRRequestManager.h */ = {isa = PBXFileReference; fileEncoding = 4; lastKnownFileType = sourcecode.c.h; path = DZRRequestManager.h; sourceTree = "<group>"; };
		8F18987B217F22EE00CE1A8D /* DZRRadio.h */ = {isa = PBXFileReference; fileEncoding = 4; lastKnownFileType = sourcecode.c.h; path = DZRRadio.h; sourceTree = "<group>"; };
		8F18987C217F22EE00CE1A8D /* DZRUser.h */ = {isa = PBXFileReference; fileEncoding = 4; lastKnownFileType = sourcecode.c.h; path = DZRUser.h; sourceTree = "<group>"; };
		8F18987D217F22EE00CE1A8D /* DZRTrack.h */ = {isa = PBXFileReference; fileEncoding = 4; lastKnownFileType = sourcecode.c.h; path = DZRTrack.h; sourceTree = "<group>"; };
		8F18987E217F22EE00CE1A8D /* DZRFolder.h */ = {isa = PBXFileReference; fileEncoding = 4; lastKnownFileType = sourcecode.c.h; path = DZRFolder.h; sourceTree = "<group>"; };
		8F18987F217F22EE00CE1A8D /* DZRPlayableArray.h */ = {isa = PBXFileReference; fileEncoding = 4; lastKnownFileType = sourcecode.c.h; path = DZRPlayableArray.h; sourceTree = "<group>"; };
		8F189880217F22EE00CE1A8D /* DZRComment.h */ = {isa = PBXFileReference; fileEncoding = 4; lastKnownFileType = sourcecode.c.h; path = DZRComment.h; sourceTree = "<group>"; };
		8F189881217F22EE00CE1A8D /* DeezerConnect.h */ = {isa = PBXFileReference; fileEncoding = 4; lastKnownFileType = sourcecode.c.h; path = DeezerConnect.h; sourceTree = "<group>"; };
		8F189882217F22EE00CE1A8D /* DZRGenre.h */ = {isa = PBXFileReference; fileEncoding = 4; lastKnownFileType = sourcecode.c.h; path = DZRGenre.h; sourceTree = "<group>"; };
		8F189883217F22EE00CE1A8D /* NSError+DZRModel.h */ = {isa = PBXFileReference; fileEncoding = 4; lastKnownFileType = sourcecode.c.h; path = "NSError+DZRModel.h"; sourceTree = "<group>"; };
		8F189884217F22EE00CE1A8D /* DZRAlbum.h */ = {isa = PBXFileReference; fileEncoding = 4; lastKnownFileType = sourcecode.c.h; path = DZRAlbum.h; sourceTree = "<group>"; };
		8F189885217F22EE00CE1A8D /* DZREditorial.h */ = {isa = PBXFileReference; fileEncoding = 4; lastKnownFileType = sourcecode.c.h; path = DZREditorial.h; sourceTree = "<group>"; };
		8F189886217F22EE00CE1A8D /* DZRObjectList.h */ = {isa = PBXFileReference; fileEncoding = 4; lastKnownFileType = sourcecode.c.h; path = DZRObjectList.h; sourceTree = "<group>"; };
		8F189887217F22EE00CE1A8D /* DZRResources.bundle */ = {isa = PBXFileReference; lastKnownFileType = "wrapper.plug-in"; path = DZRResources.bundle; sourceTree = "<group>"; };
		8F18988B217F230D00CE1A8D /* CoreAudio.framework */ = {isa = PBXFileReference; lastKnownFileType = wrapper.framework; name = CoreAudio.framework; path = System/Library/Frameworks/CoreAudio.framework; sourceTree = SDKROOT; };
		8F18988D217F231800CE1A8D /* AudioToolbox.framework */ = {isa = PBXFileReference; lastKnownFileType = wrapper.framework; name = AudioToolbox.framework; path = System/Library/Frameworks/AudioToolbox.framework; sourceTree = SDKROOT; };
		8F18988F217F232100CE1A8D /* SystemConfiguration.framework */ = {isa = PBXFileReference; lastKnownFileType = wrapper.framework; name = SystemConfiguration.framework; path = System/Library/Frameworks/SystemConfiguration.framework; sourceTree = SDKROOT; };
		8F189891217F232C00CE1A8D /* libicucore.tbd */ = {isa = PBXFileReference; lastKnownFileType = "sourcecode.text-based-dylib-definition"; name = libicucore.tbd; path = usr/lib/libicucore.tbd; sourceTree = SDKROOT; };
		8F189893217F233500CE1A8D /* MediaPlayer.framework */ = {isa = PBXFileReference; lastKnownFileType = wrapper.framework; name = MediaPlayer.framework; path = System/Library/Frameworks/MediaPlayer.framework; sourceTree = SDKROOT; };
		8F189895217F23DD00CE1A8D /* bridge.h */ = {isa = PBXFileReference; lastKnownFileType = sourcecode.c.h; path = bridge.h; sourceTree = "<group>"; };
		8F189896217F259300CE1A8D /* config.xcconfig */ = {isa = PBXFileReference; lastKnownFileType = text.xcconfig; path = config.xcconfig; sourceTree = "<group>"; };
		8F189898217F25DA00CE1A8D /* AVFoundation.framework */ = {isa = PBXFileReference; lastKnownFileType = wrapper.framework; name = AVFoundation.framework; path = System/Library/Frameworks/AVFoundation.framework; sourceTree = SDKROOT; };
		8F18989B217F3B4D00CE1A8D /* DeezerManager.swift */ = {isa = PBXFileReference; lastKnownFileType = sourcecode.swift; path = DeezerManager.swift; sourceTree = "<group>"; };
		8F18989D217F523800CE1A8D /* SafariServices.framework */ = {isa = PBXFileReference; lastKnownFileType = wrapper.framework; name = SafariServices.framework; path = System/Library/Frameworks/SafariServices.framework; sourceTree = SDKROOT; };
		8F364B7F217E5B9100B57FC8 /* MusicRoom.app */ = {isa = PBXFileReference; explicitFileType = wrapper.application; includeInIndex = 0; path = MusicRoom.app; sourceTree = BUILT_PRODUCTS_DIR; };
		8F364B82217E5B9100B57FC8 /* AppDelegate.swift */ = {isa = PBXFileReference; lastKnownFileType = sourcecode.swift; path = AppDelegate.swift; sourceTree = "<group>"; };
		8F364B8A217E5B9100B57FC8 /* MusicRoom.xcdatamodel */ = {isa = PBXFileReference; lastKnownFileType = wrapper.xcdatamodel; path = MusicRoom.xcdatamodel; sourceTree = "<group>"; };
		8F364B8C217E5B9200B57FC8 /* Assets.xcassets */ = {isa = PBXFileReference; lastKnownFileType = folder.assetcatalog; path = Assets.xcassets; sourceTree = "<group>"; };
		8F364B8F217E5B9200B57FC8 /* Base */ = {isa = PBXFileReference; lastKnownFileType = file.storyboard; name = Base; path = Base.lproj/LaunchScreen.storyboard; sourceTree = "<group>"; };
		8F364B91217E5B9200B57FC8 /* Info.plist */ = {isa = PBXFileReference; lastKnownFileType = text.plist.xml; path = Info.plist; sourceTree = "<group>"; };
/* End PBXFileReference section */

/* Begin PBXFrameworksBuildPhase section */
		8F364B7C217E5B9100B57FC8 /* Frameworks */ = {
			isa = PBXFrameworksBuildPhase;
			buildActionMask = 2147483647;
			files = (
				8F18989E217F523800CE1A8D /* SafariServices.framework in Frameworks */,
				8F189899217F25DA00CE1A8D /* AVFoundation.framework in Frameworks */,
				8F189894217F233500CE1A8D /* MediaPlayer.framework in Frameworks */,
				8F189892217F232C00CE1A8D /* libicucore.tbd in Frameworks */,
				8F189890217F232100CE1A8D /* SystemConfiguration.framework in Frameworks */,
				8F18988E217F231800CE1A8D /* AudioToolbox.framework in Frameworks */,
				8F18988C217F230D00CE1A8D /* CoreAudio.framework in Frameworks */,
				8F189888217F22EE00CE1A8D /* libDeezer.a in Frameworks */,
			);
			runOnlyForDeploymentPostprocessing = 0;
		};
/* End PBXFrameworksBuildPhase section */

/* Begin PBXGroup section */
		778BF9A721832C8600448FE6 /* Modele */ = {
			isa = PBXGroup;
			children = (
				79B15ECD218C69AA00B84BCB /* MusicCategory.swift */,
				778BF9A821832CB800448FE6 /* Track.swift */,
				79B15ECF218C700C00B84BCB /* Album.swift */,
				799DA436218D289400C803E3 /* Artist.swift */,
				7743C23A2190587E002CC508 /* Playlist.swift */,
			);
			path = Modele;
			sourceTree = "<group>";
		};
		796ECB38218DC9E200321B3B /* Views */ = {
			isa = PBXGroup;
			children = (
				796ECB39218DCAE400321B3B /* ProgressCircle.swift */,
				7920E799218F0BF9008D1DD1 /* CoverContainerView.swift */,
				7920E79B218F65CA008D1DD1 /* BackgroundCoverView.swift */,
			);
			path = Views;
			sourceTree = "<group>";
		};
		7991484021889F6800120E2D /* Helpers */ = {
			isa = PBXGroup;
			children = (
				7991484121889F8D00120E2D /* Extensions.swift */,
			);
			path = Helpers;
			sourceTree = "<group>";
		};
		799C8BFA219029A3003868A2 /* UICustomisation */ = {
			isa = PBXGroup;
			children = (
				79CDCF2A218876ED0095CC63 /* CustomNavigationController.swift */,
			);
			path = UICustomisation;
			sourceTree = "<group>";
		};
		79CDCF1A21886EE40095CC63 /* Controllers */ = {
			isa = PBXGroup;
			children = (
				799C8BFA219029A3003868A2 /* UICustomisation */,
				79CDCF1E218870F70095CC63 /* LoadingController.swift */,
				79CDCF20218871A20095CC63 /* TabBarController.swift */,
				79CDCF22218873300095CC63 /* PlaylistController.swift */,
				79CDCF24218873D20095CC63 /* SearchController.swift */,
				79CDCF282188746D0095CC63 /* LibraryController.swift */,
				79CDCF26218874160095CC63 /* SettingsController.swift */,
				799DA432218D19E900C803E3 /* PlayerController.swift */,
			);
			path = Controllers;
			sourceTree = "<group>";
		};
		79CDCF2C21888C230095CC63 /* Cells */ = {
			isa = PBXGroup;
			children = (
				79B4DE72218B4637001031D2 /* SearchCell.swift */,
				79CDCF2D21888C690095CC63 /* CategoryCell.swift */,
				799DA43C218D3ED300C803E3 /* AlbumCell.swift */,
				799DA43A218D3E7F00C803E3 /* SongCell.swift */,
				799DA438218D3D8500C803E3 /* ArtistCell.swift */,
			);
			path = Cells;
			sourceTree = "<group>";
		};
		8F189866217F22EE00CE1A8D /* DeezerSDK */ = {
			isa = PBXGroup;
			children = (
				8F189867217F22EE00CE1A8D /* libDeezer.a */,
				8F189868217F22EE00CE1A8D /* include */,
				8F189887217F22EE00CE1A8D /* DZRResources.bundle */,
			);
			path = DeezerSDK;
			sourceTree = "<group>";
		};
		8F189868217F22EE00CE1A8D /* include */ = {
			isa = PBXGroup;
			children = (
				8F189869217F22EE00CE1A8D /* DZRPlaylist.h */,
				8F18986A217F22EE00CE1A8D /* Deezer+Compatibility.h */,
				8F18986B217F22EE00CE1A8D /* DeezerConnect+Compatibility.h */,
				8F18986C217F22EE00CE1A8D /* DeezerRequestDelegate.h */,
				8F18986D217F22EE00CE1A8D /* DZRPodcast.h */,
				8F18986E217F22EE00CE1A8D /* DZRArtist.h */,
				8F18986F217F22EE00CE1A8D /* DZREpisode.h */,
				8F189870217F22EE00CE1A8D /* DZRPlayer.h */,
				8F189871217F22EE00CE1A8D /* NSBundle+DZRBundle.h */,
				8F189872217F22EE00CE1A8D /* DZRObject+Compatibility.h */,
				8F189873217F22EE00CE1A8D /* DZRGenericCancelable.h */,
				8F189874217F22EE00CE1A8D /* DZRModel.h */,
				8F189875217F22EE00CE1A8D /* DZRCancelable.h */,
				8F189876217F22EE00CE1A8D /* DZRObject.h */,
				8F189877217F22EE00CE1A8D /* DZRNetworkRequest.h */,
				8F189878217F22EE00CE1A8D /* DZRManagedRadio.h */,
				8F189879217F22EE00CE1A8D /* NSError+DZRPlayer.h */,
				8F18987A217F22EE00CE1A8D /* DZRRequestManager.h */,
				8F18987B217F22EE00CE1A8D /* DZRRadio.h */,
				8F18987C217F22EE00CE1A8D /* DZRUser.h */,
				8F18987D217F22EE00CE1A8D /* DZRTrack.h */,
				8F18987E217F22EE00CE1A8D /* DZRFolder.h */,
				8F18987F217F22EE00CE1A8D /* DZRPlayableArray.h */,
				8F189880217F22EE00CE1A8D /* DZRComment.h */,
				8F189881217F22EE00CE1A8D /* DeezerConnect.h */,
				8F189882217F22EE00CE1A8D /* DZRGenre.h */,
				8F189883217F22EE00CE1A8D /* NSError+DZRModel.h */,
				8F189884217F22EE00CE1A8D /* DZRAlbum.h */,
				8F189885217F22EE00CE1A8D /* DZREditorial.h */,
				8F189886217F22EE00CE1A8D /* DZRObjectList.h */,
			);
			path = include;
			sourceTree = "<group>";
		};
		8F18988A217F230D00CE1A8D /* Frameworks */ = {
			isa = PBXGroup;
			children = (
				8F18989D217F523800CE1A8D /* SafariServices.framework */,
				8F189898217F25DA00CE1A8D /* AVFoundation.framework */,
				8F189893217F233500CE1A8D /* MediaPlayer.framework */,
				8F189891217F232C00CE1A8D /* libicucore.tbd */,
				8F18988F217F232100CE1A8D /* SystemConfiguration.framework */,
				8F18988D217F231800CE1A8D /* AudioToolbox.framework */,
				8F18988B217F230D00CE1A8D /* CoreAudio.framework */,
			);
			name = Frameworks;
			sourceTree = "<group>";
		};
		8F18989A217F3B2000CE1A8D /* Manager */ = {
			isa = PBXGroup;
			children = (
				8F18989B217F3B4D00CE1A8D /* DeezerManager.swift */,
				77B444752181CD0200B3F536 /* APIManager.swift */,
			);
			path = Manager;
			sourceTree = "<group>";
		};
		8F364B76217E5B9100B57FC8 = {
			isa = PBXGroup;
			children = (
				8F189896217F259300CE1A8D /* config.xcconfig */,
				8F189866217F22EE00CE1A8D /* DeezerSDK */,
				8F364B81217E5B9100B57FC8 /* MusicRoom */,
				8F364B80217E5B9100B57FC8 /* Products */,
				8F18988A217F230D00CE1A8D /* Frameworks */,
			);
			sourceTree = "<group>";
		};
		8F364B80217E5B9100B57FC8 /* Products */ = {
			isa = PBXGroup;
			children = (
				8F364B7F217E5B9100B57FC8 /* MusicRoom.app */,
			);
			name = Products;
			sourceTree = "<group>";
		};
		8F364B81217E5B9100B57FC8 /* MusicRoom */ = {
			isa = PBXGroup;
			children = (
				796ECB38218DC9E200321B3B /* Views */,
				7991484021889F6800120E2D /* Helpers */,
				79CDCF2C21888C230095CC63 /* Cells */,
				79CDCF1A21886EE40095CC63 /* Controllers */,
				778BF9A721832C8600448FE6 /* Modele */,
				8F18989A217F3B2000CE1A8D /* Manager */,
				8F364B82217E5B9100B57FC8 /* AppDelegate.swift */,
				799DA434218D24AD00C803E3 /* Main.storyboard */,
				8F364B8C217E5B9200B57FC8 /* Assets.xcassets */,
				8F364B8E217E5B9200B57FC8 /* LaunchScreen.storyboard */,
				8F364B91217E5B9200B57FC8 /* Info.plist */,
				8F364B89217E5B9100B57FC8 /* MusicRoom.xcdatamodeld */,
				8F189895217F23DD00CE1A8D /* bridge.h */,
			);
			path = MusicRoom;
			sourceTree = "<group>";
		};
/* End PBXGroup section */

/* Begin PBXNativeTarget section */
		8F364B7E217E5B9100B57FC8 /* MusicRoom */ = {
			isa = PBXNativeTarget;
			buildConfigurationList = 8F364B94217E5B9200B57FC8 /* Build configuration list for PBXNativeTarget "MusicRoom" */;
			buildPhases = (
				8F364B7B217E5B9100B57FC8 /* Sources */,
				8F364B7C217E5B9100B57FC8 /* Frameworks */,
				8F364B7D217E5B9100B57FC8 /* Resources */,
			);
			buildRules = (
			);
			dependencies = (
			);
			name = MusicRoom;
			productName = MusicRoom;
			productReference = 8F364B7F217E5B9100B57FC8 /* MusicRoom.app */;
			productType = "com.apple.product-type.application";
		};
/* End PBXNativeTarget section */

/* Begin PBXProject section */
		8F364B77217E5B9100B57FC8 /* Project object */ = {
			isa = PBXProject;
			attributes = {
				LastSwiftUpdateCheck = 1000;
				LastUpgradeCheck = 1010;
				ORGANIZATIONNAME = "Etienne Tranchier";
				TargetAttributes = {
					8F364B7E217E5B9100B57FC8 = {
						CreatedOnToolsVersion = 10.0;
						ProvisioningStyle = Automatic;
					};
				};
			};
			buildConfigurationList = 8F364B7A217E5B9100B57FC8 /* Build configuration list for PBXProject "MusicRoom" */;
			compatibilityVersion = "Xcode 8.0";
			developmentRegion = en;
			hasScannedForEncodings = 0;
			knownRegions = (
				en,
				Base,
			);
			mainGroup = 8F364B76217E5B9100B57FC8;
			productRefGroup = 8F364B80217E5B9100B57FC8 /* Products */;
			projectDirPath = "";
			projectRoot = "";
			targets = (
				8F364B7E217E5B9100B57FC8 /* MusicRoom */,
			);
		};
/* End PBXProject section */

/* Begin PBXResourcesBuildPhase section */
		8F364B7D217E5B9100B57FC8 /* Resources */ = {
			isa = PBXResourcesBuildPhase;
			buildActionMask = 2147483647;
			files = (
				8F364B90217E5B9200B57FC8 /* LaunchScreen.storyboard in Resources */,
				8F364B8D217E5B9200B57FC8 /* Assets.xcassets in Resources */,
				8F189889217F22EE00CE1A8D /* DZRResources.bundle in Resources */,
				799DA435218D24AE00C803E3 /* Main.storyboard in Resources */,
			);
			runOnlyForDeploymentPostprocessing = 0;
		};
/* End PBXResourcesBuildPhase section */

/* Begin PBXSourcesBuildPhase section */
		8F364B7B217E5B9100B57FC8 /* Sources */ = {
			isa = PBXSourcesBuildPhase;
			buildActionMask = 2147483647;
			files = (
				79CDCF27218874160095CC63 /* SettingsController.swift in Sources */,
				7743C23B2190587E002CC508 /* Playlist.swift in Sources */,
				79CDCF2E21888C690095CC63 /* CategoryCell.swift in Sources */,
				77B444762181CD0200B3F536 /* APIManager.swift in Sources */,
				778BF9A921832CB800448FE6 /* Track.swift in Sources */,
				79CDCF1F218870F70095CC63 /* LoadingController.swift in Sources */,
				79B15ED0218C700C00B84BCB /* Album.swift in Sources */,
				79B15ECE218C69AA00B84BCB /* MusicCategory.swift in Sources */,
				8F18989C217F3B4D00CE1A8D /* DeezerManager.swift in Sources */,
				8F364B83217E5B9100B57FC8 /* AppDelegate.swift in Sources */,
				796ECB3A218DCAE400321B3B /* ProgressCircle.swift in Sources */,
				799DA43D218D3ED300C803E3 /* AlbumCell.swift in Sources */,
				79B4DE73218B4637001031D2 /* SearchCell.swift in Sources */,
				799DA43B218D3E7F00C803E3 /* SongCell.swift in Sources */,
				79CDCF21218871A20095CC63 /* TabBarController.swift in Sources */,
				79CDCF25218873D20095CC63 /* SearchController.swift in Sources */,
				7920E79C218F65CA008D1DD1 /* BackgroundCoverView.swift in Sources */,
				79CDCF292188746D0095CC63 /* LibraryController.swift in Sources */,
				7920E79A218F0BF9008D1DD1 /* CoverContainerView.swift in Sources */,
				799DA437218D289400C803E3 /* Artist.swift in Sources */,
				7991484221889F8D00120E2D /* Extensions.swift in Sources */,
				79CDCF2B218876ED0095CC63 /* CustomNavigationController.swift in Sources */,
				8F364B8B217E5B9100B57FC8 /* MusicRoom.xcdatamodeld in Sources */,
				799DA433218D19E900C803E3 /* PlayerController.swift in Sources */,
				799DA439218D3D8500C803E3 /* ArtistCell.swift in Sources */,
				79CDCF23218873300095CC63 /* PlaylistController.swift in Sources */,
			);
			runOnlyForDeploymentPostprocessing = 0;
		};
/* End PBXSourcesBuildPhase section */

/* Begin PBXVariantGroup section */
		8F364B8E217E5B9200B57FC8 /* LaunchScreen.storyboard */ = {
			isa = PBXVariantGroup;
			children = (
				8F364B8F217E5B9200B57FC8 /* Base */,
			);
			name = LaunchScreen.storyboard;
			sourceTree = "<group>";
		};
/* End PBXVariantGroup section */

/* Begin XCBuildConfiguration section */
		8F364B92217E5B9200B57FC8 /* Debug */ = {
			isa = XCBuildConfiguration;
			buildSettings = {
				ALWAYS_SEARCH_USER_PATHS = NO;
				CLANG_ANALYZER_NONNULL = YES;
				CLANG_ANALYZER_NUMBER_OBJECT_CONVERSION = YES_AGGRESSIVE;
				CLANG_CXX_LANGUAGE_STANDARD = "gnu++14";
				CLANG_CXX_LIBRARY = "libc++";
				CLANG_ENABLE_MODULES = YES;
				CLANG_ENABLE_OBJC_ARC = YES;
				CLANG_ENABLE_OBJC_WEAK = YES;
				CLANG_WARN_BLOCK_CAPTURE_AUTORELEASING = YES;
				CLANG_WARN_BOOL_CONVERSION = YES;
				CLANG_WARN_COMMA = YES;
				CLANG_WARN_CONSTANT_CONVERSION = YES;
				CLANG_WARN_DEPRECATED_OBJC_IMPLEMENTATIONS = YES;
				CLANG_WARN_DIRECT_OBJC_ISA_USAGE = YES_ERROR;
				CLANG_WARN_DOCUMENTATION_COMMENTS = YES;
				CLANG_WARN_EMPTY_BODY = YES;
				CLANG_WARN_ENUM_CONVERSION = YES;
				CLANG_WARN_INFINITE_RECURSION = YES;
				CLANG_WARN_INT_CONVERSION = YES;
				CLANG_WARN_NON_LITERAL_NULL_CONVERSION = YES;
				CLANG_WARN_OBJC_IMPLICIT_RETAIN_SELF = YES;
				CLANG_WARN_OBJC_LITERAL_CONVERSION = YES;
				CLANG_WARN_OBJC_ROOT_CLASS = YES_ERROR;
				CLANG_WARN_RANGE_LOOP_ANALYSIS = YES;
				CLANG_WARN_STRICT_PROTOTYPES = YES;
				CLANG_WARN_SUSPICIOUS_MOVE = YES;
				CLANG_WARN_UNGUARDED_AVAILABILITY = YES_AGGRESSIVE;
				CLANG_WARN_UNREACHABLE_CODE = YES;
				CLANG_WARN__DUPLICATE_METHOD_MATCH = YES;
				CODE_SIGN_IDENTITY = "iPhone Developer";
				COPY_PHASE_STRIP = NO;
				DEBUG_INFORMATION_FORMAT = dwarf;
				ENABLE_STRICT_OBJC_MSGSEND = YES;
				ENABLE_TESTABILITY = YES;
				GCC_C_LANGUAGE_STANDARD = gnu11;
				GCC_DYNAMIC_NO_PIC = NO;
				GCC_NO_COMMON_BLOCKS = YES;
				GCC_OPTIMIZATION_LEVEL = 0;
				GCC_PREPROCESSOR_DEFINITIONS = (
					"DEBUG=1",
					"$(inherited)",
				);
				GCC_WARN_64_TO_32_BIT_CONVERSION = YES;
				GCC_WARN_ABOUT_RETURN_TYPE = YES_ERROR;
				GCC_WARN_UNDECLARED_SELECTOR = YES;
				GCC_WARN_UNINITIALIZED_AUTOS = YES_AGGRESSIVE;
				GCC_WARN_UNUSED_FUNCTION = YES;
				GCC_WARN_UNUSED_VARIABLE = YES;
				IPHONEOS_DEPLOYMENT_TARGET = 12.0;
				MTL_ENABLE_DEBUG_INFO = INCLUDE_SOURCE;
				MTL_FAST_MATH = YES;
				ONLY_ACTIVE_ARCH = YES;
				SDKROOT = iphoneos;
				SWIFT_ACTIVE_COMPILATION_CONDITIONS = DEBUG;
				SWIFT_OPTIMIZATION_LEVEL = "-Onone";
			};
			name = Debug;
		};
		8F364B93217E5B9200B57FC8 /* Release */ = {
			isa = XCBuildConfiguration;
			buildSettings = {
				ALWAYS_SEARCH_USER_PATHS = NO;
				CLANG_ANALYZER_NONNULL = YES;
				CLANG_ANALYZER_NUMBER_OBJECT_CONVERSION = YES_AGGRESSIVE;
				CLANG_CXX_LANGUAGE_STANDARD = "gnu++14";
				CLANG_CXX_LIBRARY = "libc++";
				CLANG_ENABLE_MODULES = YES;
				CLANG_ENABLE_OBJC_ARC = YES;
				CLANG_ENABLE_OBJC_WEAK = YES;
				CLANG_WARN_BLOCK_CAPTURE_AUTORELEASING = YES;
				CLANG_WARN_BOOL_CONVERSION = YES;
				CLANG_WARN_COMMA = YES;
				CLANG_WARN_CONSTANT_CONVERSION = YES;
				CLANG_WARN_DEPRECATED_OBJC_IMPLEMENTATIONS = YES;
				CLANG_WARN_DIRECT_OBJC_ISA_USAGE = YES_ERROR;
				CLANG_WARN_DOCUMENTATION_COMMENTS = YES;
				CLANG_WARN_EMPTY_BODY = YES;
				CLANG_WARN_ENUM_CONVERSION = YES;
				CLANG_WARN_INFINITE_RECURSION = YES;
				CLANG_WARN_INT_CONVERSION = YES;
				CLANG_WARN_NON_LITERAL_NULL_CONVERSION = YES;
				CLANG_WARN_OBJC_IMPLICIT_RETAIN_SELF = YES;
				CLANG_WARN_OBJC_LITERAL_CONVERSION = YES;
				CLANG_WARN_OBJC_ROOT_CLASS = YES_ERROR;
				CLANG_WARN_RANGE_LOOP_ANALYSIS = YES;
				CLANG_WARN_STRICT_PROTOTYPES = YES;
				CLANG_WARN_SUSPICIOUS_MOVE = YES;
				CLANG_WARN_UNGUARDED_AVAILABILITY = YES_AGGRESSIVE;
				CLANG_WARN_UNREACHABLE_CODE = YES;
				CLANG_WARN__DUPLICATE_METHOD_MATCH = YES;
				CODE_SIGN_IDENTITY = "iPhone Developer";
				COPY_PHASE_STRIP = NO;
				DEBUG_INFORMATION_FORMAT = "dwarf-with-dsym";
				ENABLE_NS_ASSERTIONS = NO;
				ENABLE_STRICT_OBJC_MSGSEND = YES;
				GCC_C_LANGUAGE_STANDARD = gnu11;
				GCC_NO_COMMON_BLOCKS = YES;
				GCC_WARN_64_TO_32_BIT_CONVERSION = YES;
				GCC_WARN_ABOUT_RETURN_TYPE = YES_ERROR;
				GCC_WARN_UNDECLARED_SELECTOR = YES;
				GCC_WARN_UNINITIALIZED_AUTOS = YES_AGGRESSIVE;
				GCC_WARN_UNUSED_FUNCTION = YES;
				GCC_WARN_UNUSED_VARIABLE = YES;
				IPHONEOS_DEPLOYMENT_TARGET = 12.0;
				MTL_ENABLE_DEBUG_INFO = NO;
				MTL_FAST_MATH = YES;
				SDKROOT = iphoneos;
				SWIFT_OPTIMIZATION_LEVEL = "-Owholemodule";
				VALIDATE_PRODUCT = YES;
			};
			name = Release;
		};
		8F364B95217E5B9200B57FC8 /* Debug */ = {
			isa = XCBuildConfiguration;
			buildSettings = {
				ASSETCATALOG_COMPILER_APPICON_NAME = AppIcon;
				CODE_SIGN_STYLE = Automatic;
				DEVELOPMENT_TEAM = R5PF2384QF;
				INFOPLIST_FILE = MusicRoom/Info.plist;
				IPHONEOS_DEPLOYMENT_TARGET = 11.2;
				LD_RUNPATH_SEARCH_PATHS = "$(inherited) @executable_path/Frameworks";
				LIBRARY_SEARCH_PATHS = (
					"$(inherited)",
					"$(PROJECT_DIR)/DeezerSDK",
				);
				OTHER_LDFLAGS = "-all_load";
				PRODUCT_BUNDLE_IDENTIFIER = jdavin.MusicRoom;
				PRODUCT_NAME = "$(TARGET_NAME)";
				SWIFT_OBJC_BRIDGING_HEADER = MusicRoom/bridge.h;
				SWIFT_VERSION = 4.2;
				TARGETED_DEVICE_FAMILY = "1,2";
			};
			name = Debug;
		};
		8F364B96217E5B9200B57FC8 /* Release */ = {
			isa = XCBuildConfiguration;
			buildSettings = {
				ASSETCATALOG_COMPILER_APPICON_NAME = AppIcon;
				CODE_SIGN_STYLE = Automatic;
				DEVELOPMENT_TEAM = R5PF2384QF;
				INFOPLIST_FILE = MusicRoom/Info.plist;
				IPHONEOS_DEPLOYMENT_TARGET = 11.2;
				LD_RUNPATH_SEARCH_PATHS = "$(inherited) @executable_path/Frameworks";
				LIBRARY_SEARCH_PATHS = (
					"$(inherited)",
					"$(PROJECT_DIR)/DeezerSDK",
				);
				OTHER_LDFLAGS = "-all_load";
				PRODUCT_BUNDLE_IDENTIFIER = jdavin.MusicRoom;
				PRODUCT_NAME = "$(TARGET_NAME)";
				SWIFT_OBJC_BRIDGING_HEADER = MusicRoom/bridge.h;
				SWIFT_VERSION = 4.2;
				TARGETED_DEVICE_FAMILY = "1,2";
			};
			name = Release;
		};
/* End XCBuildConfiguration section */

/* Begin XCConfigurationList section */
		8F364B7A217E5B9100B57FC8 /* Build configuration list for PBXProject "MusicRoom" */ = {
			isa = XCConfigurationList;
			buildConfigurations = (
				8F364B92217E5B9200B57FC8 /* Debug */,
				8F364B93217E5B9200B57FC8 /* Release */,
			);
			defaultConfigurationIsVisible = 0;
			defaultConfigurationName = Release;
		};
		8F364B94217E5B9200B57FC8 /* Build configuration list for PBXNativeTarget "MusicRoom" */ = {
			isa = XCConfigurationList;
			buildConfigurations = (
				8F364B95217E5B9200B57FC8 /* Debug */,
				8F364B96217E5B9200B57FC8 /* Release */,
			);
			defaultConfigurationIsVisible = 0;
			defaultConfigurationName = Release;
		};
/* End XCConfigurationList section */

/* Begin XCVersionGroup section */
		8F364B89217E5B9100B57FC8 /* MusicRoom.xcdatamodeld */ = {
			isa = XCVersionGroup;
			children = (
				8F364B8A217E5B9100B57FC8 /* MusicRoom.xcdatamodel */,
			);
			currentVersion = 8F364B8A217E5B9100B57FC8 /* MusicRoom.xcdatamodel */;
			path = MusicRoom.xcdatamodeld;
			sourceTree = "<group>";
			versionGroupType = wrapper.xcdatamodel;
		};
/* End XCVersionGroup section */
	};
	rootObject = 8F364B77217E5B9100B57FC8 /* Project object */;
}
